
Microsoft Visual Studio Solution File, Format Version 12.00
# Visual Studio Version 17
VisualStudioVersion = 17.0.32002.185
MinimumVisualStudioVersion = 10.0.40219.1
Project("{FAE04EC0-301F-11D3-BF4B-00C04F79EFBC}") = "MvcProject", "MvcProject\MvcProject.csproj", "{D28FF672-C09F-4347-87E3-FBA5790018EF}"
EndProject
Global
	GlobalSection(SolutionConfigurationPlatforms) = preSolution
		Debug|Any CPU = Debug|Any CPU
		Release|Any CPU = Release|Any CPU
	EndGlobalSection
	GlobalSection(ProjectConfigurationPlatforms) = postSolution
		{D28FF672-C09F-4347-87E3-FBA5790018EF}.Debug|Any CPU.ActiveCfg = Debug|Any CPU
		{D28FF672-C09F-4347-87E3-FBA5790018EF}.Debug|Any CPU.Build.0 = Debug|Any CPU
		{D28FF672-C09F-4347-87E3-FBA5790018EF}.Release|Any CPU.ActiveCfg = Release|Any CPU
		{D28FF672-C09F-4347-87E3-FBA5790018EF}.Release|Any CPU.Build.0 = Release|Any CPU
	EndGlobalSection
	GlobalSection(SolutionProperties) = preSolution
		HideSolutionNode = FALSE
	EndGlobalSection
	GlobalSection(ExtensibilityGlobals) = postSolution
		SolutionGuid = {F7E628D9-0B2F-43A6-B763-24518DA32053}
	EndGlobalSection
EndGlobal
